
Microsoft Visual Studio Solution File, Format Version 12.00
# Visual Studio Version 17
VisualStudioVersion = 17.5.33516.290
MinimumVisualStudioVersion = 10.0.40219.1
Project("{FAE04EC0-301F-11D3-BF4B-00C04F79EFBC}") = "YaMoStudio", "YaMoStudio\YaMoStudio.csproj", "{F73AACC6-6099-4B18-AB9D-A843E5CD8FA0}"
EndProject
Global
	GlobalSection(SolutionConfigurationPlatforms) = preSolution
		Debug|Any CPU = Debug|Any CPU
		Release|Any CPU = Release|Any CPU
	EndGlobalSection
	GlobalSection(ProjectConfigurationPlatforms) = postSolution
		{F73AACC6-6099-4B18-AB9D-A843E5CD8FA0}.Debug|Any CPU.ActiveCfg = Debug|Any CPU
		{F73AACC6-6099-4B18-AB9D-A843E5CD8FA0}.Debug|Any CPU.Build.0 = Debug|Any CPU
		{F73AACC6-6099-4B18-AB9D-A843E5CD8FA0}.Release|Any CPU.ActiveCfg = Release|Any CPU
		{F73AACC6-6099-4B18-AB9D-A843E5CD8FA0}.Release|Any CPU.Build.0 = Release|Any CPU
	EndGlobalSection
	GlobalSection(SolutionProperties) = preSolution
		HideSolutionNode = FALSE
	EndGlobalSection
	GlobalSection(ExtensibilityGlobals) = postSolution
		SolutionGuid = {24D5C192-791D-4408-ACC4-F04D5F52BE30}
	EndGlobalSection
EndGlobal
